
Microsoft Visual Studio Solution File, Format Version 12.00
# Visual Studio Version 16
VisualStudioVersion = 16.0.29123.89
MinimumVisualStudioVersion = 10.0.40219.1
Project("{8BC9CEB8-8B4A-11D0-8D11-00A0C91BC942}") = "WslQuery", "WslQuery\WslQuery.vcxproj", "{3C10D071-AABD-43CE-B4F7-DBE6D117145F}"
EndProject
Project("{2150E333-8FDC-42A3-9474-1A3956D46DE8}") = "Solution Items", "Solution Items", "{35176979-32EC-47C6-AC23-F0425E9A7478}"
	ProjectSection(SolutionItems) = preProject
		License.txt = License.txt
	EndProjectSection
EndProject
Global
	GlobalSection(SolutionConfigurationPlatforms) = preSolution
		Debug|x64 = Debug|x64
		Debug|x86 = Debug|x86
		Release|x64 = Release|x64
		Release|x86 = Release|x86
	EndGlobalSection
	GlobalSection(ProjectConfigurationPlatforms) = postSolution
		{3C10D071-AABD-43CE-B4F7-DBE6D117145F}.Debug|x64.ActiveCfg = Debug|x64
		{3C10D071-AABD-43CE-B4F7-DBE6D117145F}.Debug|x64.Build.0 = Debug|x64
		{3C10D071-AABD-43CE-B4F7-DBE6D117145F}.Debug|x86.ActiveCfg = Debug|Win32
		{3C10D071-AABD-43CE-B4F7-DBE6D117145F}.Debug|x86.Build.0 = Debug|Win32
		{3C10D071-AABD-43CE-B4F7-DBE6D117145F}.Release|x64.ActiveCfg = Release|x64
		{3C10D071-AABD-43CE-B4F7-DBE6D117145F}.Release|x64.Build.0 = Release|x64
		{3C10D071-AABD-43CE-B4F7-DBE6D117145F}.Release|x86.ActiveCfg = Release|Win32
		{3C10D071-AABD-43CE-B4F7-DBE6D117145F}.Release|x86.Build.0 = Release|Win32
	EndGlobalSection
	GlobalSection(SolutionProperties) = preSolution
		HideSolutionNode = FALSE
	EndGlobalSection
	GlobalSection(ExtensibilityGlobals) = postSolution
		SolutionGuid = {9B38092C-6B38-44AC-829C-2401D750C41B}
	EndGlobalSection
EndGlobal
