
Microsoft Visual Studio Solution File, Format Version 12.00
# Visual Studio Version 16
VisualStudioVersion = 16.0.30717.126
MinimumVisualStudioVersion = 10.0.40219.1
Project("{9A19103F-16F7-4668-BE54-9A1E7A4F7556}") = "WslQuery", "WslQuery\WslQuery.csproj", "{D067CAE0-7642-459F-9E87-E6FACBEE261C}"
EndProject
Global
	GlobalSection(SolutionConfigurationPlatforms) = preSolution
		Debug|Any CPU = Debug|Any CPU
		Release|Any CPU = Release|Any CPU
	EndGlobalSection
	GlobalSection(ProjectConfigurationPlatforms) = postSolution
		{D067CAE0-7642-459F-9E87-E6FACBEE261C}.Debug|Any CPU.ActiveCfg = Debug|Any CPU
		{D067CAE0-7642-459F-9E87-E6FACBEE261C}.Debug|Any CPU.Build.0 = Debug|Any CPU
		{D067CAE0-7642-459F-9E87-E6FACBEE261C}.Release|Any CPU.ActiveCfg = Release|Any CPU
		{D067CAE0-7642-459F-9E87-E6FACBEE261C}.Release|Any CPU.Build.0 = Release|Any CPU
	EndGlobalSection
	GlobalSection(SolutionProperties) = preSolution
		HideSolutionNode = FALSE
	EndGlobalSection
	GlobalSection(ExtensibilityGlobals) = postSolution
		SolutionGuid = {577C8161-C515-45FD-8A26-8A26A3D1D97C}
	EndGlobalSection
EndGlobal
